PODS:
  - Alamofire (4.0.0)
  - FTPopOverMenu (1.2.0)
  - PageMenu (1.2.9)

DEPENDENCIES:
  - Alamofire (~> 4.0)
  - FTPopOverMenu
  - PageMenu

SPEC CHECKSUMS:
  Alamofire: fef59f00388f267e52d9b432aa5d93dc97190f14
  FTPopOverMenu: f4c2e004c1b6594e72c71393a54a3f23733a9e72
  PageMenu: ba19ff267f7a19e444e93c20a7847b78954a7011

PODFILE CHECKSUM: 815b9a278d81d1cf730b4be6059ac3a8a5222df0

COCOAPODS: 1.1.0.rc.2
